{
  "name": "Junior-Challenge",
  "version": "1.0.0",
  "lockfileVersion": 3,
  "requires": true,
  "packages": {
    "": {
      "name": "Junior-Challenge",
      "version": "1.0.0",
      "license": "MIT",
      "dependencies": {
        "express-validator": "^7.2.0"
      }
    },
    "node_modules/express-validator": {
      "version": "7.2.0",
      "resolved": "https://registry.npmjs.org/express-validator/-/express-validator-7.2.0.tgz",
      "integrity": "sha512-I2ByKD8panjtr8Y05l21Wph9xk7kk64UMyvJCl/fFM/3CTJq8isXYPLeKW/aZBCdb/LYNv63PwhY8khw8VWocA==",
      "license": "MIT",
      "dependencies": {
        "lodash": "^4.17.21",
        "validator": "~13.12.0"
      },
      "engines": {
        "node": ">= 8.0.0"
      }
    },
    "node_modules/lodash": {
      "version": "4.17.21",
      "resolved": "https://registry.npmjs.org/lodash/-/lodash-4.17.21.tgz",
      "integrity": "sha512-v2kDEe57lecTulaDIuNTPy3Ry4gLGJ6Z1O3vE1krgXZNrsQ+LFTGHVxVjcXPs17LhbZVGedAJv8XZ1tvj5FvSg==",
      "license": "MIT"
    },
    "node_modules/validator": {
      "version": "13.12.0",
      "resolved": "https://registry.npmjs.org/validator/-/validator-13.12.0.tgz",
      "integrity": "sha512-c1Q0mCiPlgdTVVVIJIrBuxNicYE+t/7oKeI9MWLj3fh/uq2Pxh/3eeWbVZ4OcGW1TUf53At0njHw5SMdA3tmMg==",
      "license": "MIT",
      "engines": {
        "node": ">= 0.10"
      }
    }
  }
}
